
Microsoft Visual Studio Solution File, Format Version 12.00
# Visual Studio Version 17
VisualStudioVersion = 17.0.32014.148
MinimumVisualStudioVersion = 10.0.40219.1
Project("{9A19103F-16F7-4668-BE54-9A1E7A4F7556}") = "MangaViewer", "MangaViewer\MangaViewer.csproj", "{314496B4-E441-4194-94EE-175980A68C3C}"
EndProject
Project("{9A19103F-16F7-4668-BE54-9A1E7A4F7556}") = "MultipleReaderFileStream-DotNet", "MultipleReaderFileStream-DotNet\MultipleReaderFileStream-DotNet.csproj", "{E06A9937-04C2-4FB2-ADF4-BE314594B670}"
EndProject
Global
	GlobalSection(SolutionConfigurationPlatforms) = preSolution
		Debug|Any CPU = Debug|Any CPU
		Release|Any CPU = Release|Any CPU
	EndGlobalSection
	GlobalSection(ProjectConfigurationPlatforms) = postSolution
		{314496B4-E441-4194-94EE-175980A68C3C}.Debug|Any CPU.ActiveCfg = Debug|Any CPU
		{314496B4-E441-4194-94EE-175980A68C3C}.Debug|Any CPU.Build.0 = Debug|Any CPU
		{314496B4-E441-4194-94EE-175980A68C3C}.Release|Any CPU.ActiveCfg = Release|Any CPU
		{314496B4-E441-4194-94EE-175980A68C3C}.Release|Any CPU.Build.0 = Release|Any CPU
		{E06A9937-04C2-4FB2-ADF4-BE314594B670}.Debug|Any CPU.ActiveCfg = Debug|Any CPU
		{E06A9937-04C2-4FB2-ADF4-BE314594B670}.Debug|Any CPU.Build.0 = Debug|Any CPU
		{E06A9937-04C2-4FB2-ADF4-BE314594B670}.Release|Any CPU.ActiveCfg = Release|Any CPU
		{E06A9937-04C2-4FB2-ADF4-BE314594B670}.Release|Any CPU.Build.0 = Release|Any CPU
	EndGlobalSection
	GlobalSection(SolutionProperties) = preSolution
		HideSolutionNode = FALSE
	EndGlobalSection
	GlobalSection(ExtensibilityGlobals) = postSolution
		SolutionGuid = {AF597235-8964-4196-8DA2-8797B79407D7}
	EndGlobalSection
EndGlobal
